schema: '2.0'
stages:
  data_ingestion:
    cmd: python machine_failure/pipeline/training_pipeline.py data_ingestion
    deps:
    - path: config/param.yaml
      hash: md5
      md5: 8a385e6ff5d5462a3e14883d0c7981c3
      size: 800
    - path: machine_failure/components/data_ingestion.py
      hash: md5
      md5: c7b3d5c8b93f15fa1b50830d83e39954
      size: 3073
    - path: machine_failure/configuration/mongodb_connection.py
      hash: md5
      md5: 932afa49798b5d7ddca077bbaa45eb85
      size: 1596
    - path: machine_failure/configuration/mongodb_data_access.py
      hash: md5
      md5: bca740e5dde3d02a64470df5b6a23e16
      size: 1974
    - path: machine_failure/entity/artifact_entity.py
      hash: md5
      md5: 5521f93c81a6e32c26e13d8225884ed3
      size: 771
    - path: machine_failure/entity/config_entity.py
      hash: md5
      md5: c345c1171faeb1396d76ebcd007ea2a0
      size: 2420
    - path: machine_failure/pipeline/training_pipeline.py
      hash: md5
      md5: b8781b0e752c8b5cfbb8e229e17f12b5
      size: 8344
    outs:
    - path: artifact/data_ingestion/data.csv
      hash: md5
      md5: c2d8ef4032cff160e632637ad4d9756e
      size: 7317580
    - path: artifact/data_ingestion/split/test.csv
      hash: md5
      md5: f959a8e503ffaa3292efc84fb18150af
      size: 1463787
    - path: artifact/data_ingestion/split/train.csv
      hash: md5
      md5: 3257f9f5a7fb3715e4c3e5cbf4bcddfd
      size: 5853944
  data_validation_and_transformation:
    cmd: python machine_failure/pipeline/training_pipeline.py data_validation_and_transformation
    deps:
    - path: artifact/data_ingestion/split/test.csv
      hash: md5
      md5: f959a8e503ffaa3292efc84fb18150af
      size: 1463787
    - path: artifact/data_ingestion/split/train.csv
      hash: md5
      md5: 3257f9f5a7fb3715e4c3e5cbf4bcddfd
      size: 5853944
    - path: config/param.yaml
      hash: md5
      md5: 8a385e6ff5d5462a3e14883d0c7981c3
      size: 800
    - path: machine_failure/components/data_transformation.py
      hash: md5
      md5: 919bb45fe010e52fac61f423272f053b
      size: 5728
    - path: machine_failure/components/data_validation.py
      hash: md5
      md5: 8ab103aabb17bda63111093edf555bad
      size: 5609
    - path: machine_failure/entity/artifact_entity.py
      hash: md5
      md5: 5521f93c81a6e32c26e13d8225884ed3
      size: 771
    - path: machine_failure/entity/config_entity.py
      hash: md5
      md5: c345c1171faeb1396d76ebcd007ea2a0
      size: 2420
    - path: machine_failure/pipeline/training_pipeline.py
      hash: md5
      md5: b8781b0e752c8b5cfbb8e229e17f12b5
      size: 8344
    outs:
    - path: artifact/data_transformation/data/test.npy
      hash: md5
      md5: b8d7dae189d305c5305d96840e6b1c9d
      size: 3492736
    - path: artifact/data_transformation/data/train.npy
      hash: md5
      md5: 9a149047925a3d2f4bda493e23d15f4b
      size: 13970432
    - path: artifact/data_transformation/preprocessor.pkl
      hash: md5
      md5: 547b6344bbb4e21e52e4938acdeefcd8
      size: 3023
  train_evaluate_and_push:
    cmd: python machine_failure/pipeline/training_pipeline.py train_evaluate_and_push
    deps:
    - path: artifact/data_ingestion/split/test.csv
      hash: md5
      md5: f959a8e503ffaa3292efc84fb18150af
      size: 1463787
    - path: artifact/data_transformation/data/test.npy
      hash: md5
      md5: b8d7dae189d305c5305d96840e6b1c9d
      size: 3492736
    - path: artifact/data_transformation/data/train.npy
      hash: md5
      md5: 9a149047925a3d2f4bda493e23d15f4b
      size: 13970432
    - path: artifact/data_transformation/preprocessor.pkl
      hash: md5
      md5: 547b6344bbb4e21e52e4938acdeefcd8
      size: 3023
    - path: config/param.yaml
      hash: md5
      md5: 8a385e6ff5d5462a3e14883d0c7981c3
      size: 800
    - path: machine_failure/components/model_evaluation.py
      hash: md5
      md5: 8319afed8e3fae85a6c00ca8dc1dfb19
      size: 3911
    - path: machine_failure/components/model_pusher.py
      hash: md5
      md5: ceea0e5f74280c9fab2571fad6ead6c0
      size: 1435
    - path: machine_failure/components/model_trainer.py
      hash: md5
      md5: bf5efb24c2ed5bcb27e31084c7c415e0
      size: 7555
    - path: machine_failure/configuration/aws_connection.py
      hash: md5
      md5: cab85ff05ae217df71ae5a6f05902edd
      size: 1256
    - path: machine_failure/configuration/s3_storage.py
      hash: md5
      md5: ba3816e21ffc6fb4ac3317609b83cabd
      size: 6493
    - path: machine_failure/entity/artifact_entity.py
      hash: md5
      md5: 5521f93c81a6e32c26e13d8225884ed3
      size: 771
    - path: machine_failure/entity/config_entity.py
      hash: md5
      md5: c345c1171faeb1396d76ebcd007ea2a0
      size: 2420
    - path: machine_failure/pipeline/training_pipeline.py
      hash: md5
      md5: b8781b0e752c8b5cfbb8e229e17f12b5
      size: 8344
    outs:
    - path: artifact/model_trainer/model.pkl
      hash: md5
      md5: 79c0f9a18f7771899be6248d0bf96e63
      size: 87495327
