schema: '2.0'
stages:
  data_ingestion:
    cmd: python machine_failure/pipeline/training_pipeline.py data_ingestion
    deps:
    - path: config/param.yaml
      hash: md5
      md5: 8a385e6ff5d5462a3e14883d0c7981c3
      size: 800
    - path: machine_failure/components/data_ingestion.py
      hash: md5
      md5: c7b3d5c8b93f15fa1b50830d83e39954
      size: 3073
    - path: machine_failure/configuration/mongodb_connection.py
      hash: md5
      md5: 932afa49798b5d7ddca077bbaa45eb85
      size: 1596
    - path: machine_failure/configuration/mongodb_data_access.py
      hash: md5
      md5: bca740e5dde3d02a64470df5b6a23e16
      size: 1974
    - path: machine_failure/entity/artifact_entity.py
      hash: md5
      md5: 5521f93c81a6e32c26e13d8225884ed3
      size: 771
    - path: machine_failure/entity/config_entity.py
      hash: md5
      md5: c345c1171faeb1396d76ebcd007ea2a0
      size: 2420
    - path: machine_failure/pipeline/training_pipeline.py
      hash: md5
      md5: dd9ca10740ae4d566eb28adaccc74217
      size: 8304
    outs:
    - path: artifact/data_ingestion/data.csv
      hash: md5
      md5: c2d8ef4032cff160e632637ad4d9756e
      size: 7317580
    - path: artifact/data_ingestion/split/test.csv
      hash: md5
      md5: 038068b907db6a1275ba7071b9dcca62
      size: 1463632
    - path: artifact/data_ingestion/split/train.csv
      hash: md5
      md5: 6b13c831af284bb6863f309878834ff5
      size: 5854099
  data_validation_and_transformation:
    cmd: python machine_failure/pipeline/training_pipeline.py data_validation_and_transformation
    deps:
    - path: artifact/data_ingestion/split/test.csv
      hash: md5
      md5: 038068b907db6a1275ba7071b9dcca62
      size: 1463632
    - path: artifact/data_ingestion/split/train.csv
      hash: md5
      md5: 6b13c831af284bb6863f309878834ff5
      size: 5854099
    - path: config/param.yaml
      hash: md5
      md5: 8a385e6ff5d5462a3e14883d0c7981c3
      size: 800
    - path: machine_failure/components/data_transformation.py
      hash: md5
      md5: 919bb45fe010e52fac61f423272f053b
      size: 5728
    - path: machine_failure/components/data_validation.py
      hash: md5
      md5: 8ab103aabb17bda63111093edf555bad
      size: 5609
    - path: machine_failure/entity/artifact_entity.py
      hash: md5
      md5: 5521f93c81a6e32c26e13d8225884ed3
      size: 771
    - path: machine_failure/entity/config_entity.py
      hash: md5
      md5: c345c1171faeb1396d76ebcd007ea2a0
      size: 2420
    - path: machine_failure/pipeline/training_pipeline.py
      hash: md5
      md5: dd9ca10740ae4d566eb28adaccc74217
      size: 8304
    outs:
    - path: artifact/data_transformation/data/test.npy
      hash: md5
      md5: f85b1f3ff6e3f001c476351f72c4f3cf
      size: 3492736
    - path: artifact/data_transformation/data/train.npy
      hash: md5
      md5: 10b9fd617cc87005e0f271985b6c84ea
      size: 13970432
    - path: artifact/data_transformation/preprocessor.pkl
      hash: md5
      md5: a47b5d22c560037290c60a4bcec3519e
      size: 3023
  train_evaluate_and_push:
    cmd: python machine_failure/pipeline/training_pipeline.py train_evaluate_and_push
    deps:
    - path: artifact/data_ingestion/split/test.csv
      hash: md5
      md5: 038068b907db6a1275ba7071b9dcca62
      size: 1463632
    - path: artifact/data_transformation/data/test.npy
      hash: md5
      md5: f85b1f3ff6e3f001c476351f72c4f3cf
      size: 3492736
    - path: artifact/data_transformation/data/train.npy
      hash: md5
      md5: 10b9fd617cc87005e0f271985b6c84ea
      size: 13970432
    - path: artifact/data_transformation/preprocessor.pkl
      hash: md5
      md5: a47b5d22c560037290c60a4bcec3519e
      size: 3023
    - path: config/param.yaml
      hash: md5
      md5: 8a385e6ff5d5462a3e14883d0c7981c3
      size: 800
    - path: machine_failure/components/model_evaluation.py
      hash: md5
      md5: 8319afed8e3fae85a6c00ca8dc1dfb19
      size: 3911
    - path: machine_failure/components/model_pusher.py
      hash: md5
      md5: ceea0e5f74280c9fab2571fad6ead6c0
      size: 1435
    - path: machine_failure/components/model_trainer.py
      hash: md5
      md5: bf5efb24c2ed5bcb27e31084c7c415e0
      size: 7555
    - path: machine_failure/configuration/aws_connection.py
      hash: md5
      md5: cab85ff05ae217df71ae5a6f05902edd
      size: 1256
    - path: machine_failure/configuration/s3_storage.py
      hash: md5
      md5: ba3816e21ffc6fb4ac3317609b83cabd
      size: 6493
    - path: machine_failure/entity/artifact_entity.py
      hash: md5
      md5: 5521f93c81a6e32c26e13d8225884ed3
      size: 771
    - path: machine_failure/entity/config_entity.py
      hash: md5
      md5: c345c1171faeb1396d76ebcd007ea2a0
      size: 2420
    - path: machine_failure/pipeline/training_pipeline.py
      hash: md5
      md5: dd9ca10740ae4d566eb28adaccc74217
      size: 8304
    outs:
    - path: artifact/model_trainer/model.pkl
      hash: md5
      md5: a6be8551a6c79708b3e9b0c57d4eeeeb
      size: 51313942
